// !$*UTF8*$!
{
	archiveVersion = 1;
	classes = {
	};
	objectVersion = 46;
	objects = {

/* Begin PBXBuildFile section */
		B751BBBD1A86ACDD00C1309F /* AppDelegate.swift in Sources */ = {isa = PBXBuildFile; fileRef = B751BBBC1A86ACDD00C1309F /* AppDelegate.swift */; };
		B751BBBF1A86ACDD00C1309F /* FirstViewController.swift in Sources */ = {isa = PBXBuildFile; fileRef = B751BBBE1A86ACDD00C1309F /* FirstViewController.swift */; };
		B751BBC11A86ACDD00C1309F /* SecondViewController.swift in Sources */ = {isa = PBXBuildFile; fileRef = B751BBC01A86ACDD00C1309F /* SecondViewController.swift */; };
		B751BBC41A86ACDD00C1309F /* Main.storyboard in Resources */ = {isa = PBXBuildFile; fileRef = B751BBC21A86ACDD00C1309F /* Main.storyboard */; };
		B751BBC61A86ACDD00C1309F /* Images.xcassets in Resources */ = {isa = PBXBuildFile; fileRef = B751BBC51A86ACDD00C1309F /* Images.xcassets */; };
		B751BBC91A86ACDD00C1309F /* LaunchScreen.xib in Resources */ = {isa = PBXBuildFile; fileRef = B751BBC71A86ACDD00C1309F /* LaunchScreen.xib */; };
		B751BBD51A86ACDD00C1309F /* ceb_teaTests.swift in Sources */ = {isa = PBXBuildFile; fileRef = B751BBD41A86ACDD00C1309F /* ceb_teaTests.swift */; };
		B751BBE11A86AE9F00C1309F /* Bolts.framework in Frameworks */ = {isa = PBXBuildFile; fileRef = B751BBDE1A86AE9F00C1309F /* Bolts.framework */; };
		B751BBE21A86AEA000C1309F /* Parse.framework in Frameworks */ = {isa = PBXBuildFile; fileRef = B751BBDF1A86AE9F00C1309F /* Parse.framework */; };
		B751BBE31A86AEA000C1309F /* ParseUI.framework in Frameworks */ = {isa = PBXBuildFile; fileRef = B751BBE01A86AE9F00C1309F /* ParseUI.framework */; };
		B751BBE51A86AF2400C1309F /* AudioToolbox.framework in Frameworks */ = {isa = PBXBuildFile; fileRef = B751BBE41A86AF2400C1309F /* AudioToolbox.framework */; };
		B751BBE71A86AF3200C1309F /* CFNetwork.framework in Frameworks */ = {isa = PBXBuildFile; fileRef = B751BBE61A86AF3200C1309F /* CFNetwork.framework */; };
		B751BBE91A86AF3A00C1309F /* CoreGraphics.framework in Frameworks */ = {isa = PBXBuildFile; fileRef = B751BBE81A86AF3A00C1309F /* CoreGraphics.framework */; };
		B751BBEB1A86AF4900C1309F /* CoreLocation.framework in Frameworks */ = {isa = PBXBuildFile; fileRef = B751BBEA1A86AF4900C1309F /* CoreLocation.framework */; };
		B751BBED1A86AF5000C1309F /* MobileCoreServices.framework in Frameworks */ = {isa = PBXBuildFile; fileRef = B751BBEC1A86AF5000C1309F /* MobileCoreServices.framework */; };
		B751BBEF1A86AF5A00C1309F /* QuartzCore.framework in Frameworks */ = {isa = PBXBuildFile; fileRef = B751BBEE1A86AF5A00C1309F /* QuartzCore.framework */; };
		B751BBF11A86AF6400C1309F /* Security.framework in Frameworks */ = {isa = PBXBuildFile; fileRef = B751BBF01A86AF6400C1309F /* Security.framework */; };
		B751BBF31A86AF7000C1309F /* StoreKit.framework in Frameworks */ = {isa = PBXBuildFile; fileRef = B751BBF21A86AF7000C1309F /* StoreKit.framework */; };
		B751BBF51A86AF8200C1309F /* SystemConfiguration.framework in Frameworks */ = {isa = PBXBuildFile; fileRef = B751BBF41A86AF8200C1309F /* SystemConfiguration.framework */; };
		B751BBF71A86AF9800C1309F /* libz.dylib in Frameworks */ = {isa = PBXBuildFile; fileRef = B751BBF61A86AF9800C1309F /* libz.dylib */; };
		B751BBF91A86AFA600C1309F /* libsqlite3.dylib in Frameworks */ = {isa = PBXBuildFile; fileRef = B751BBF81A86AFA600C1309F /* libsqlite3.dylib */; };
		B751BC091A86CE5900C1309F /* LoginViewController.swift in Sources */ = {isa = PBXBuildFile; fileRef = B751BC081A86CE5900C1309F /* LoginViewController.swift */; };
		B751BC0B1A86E12700C1309F /* WaitingViewController.swift in Sources */ = {isa = PBXBuildFile; fileRef = B751BC0A1A86E12700C1309F /* WaitingViewController.swift */; };
		B751BC0D1A87970500C1309F /* RequestsViewController.swift in Sources */ = {isa = PBXBuildFile; fileRef = B751BC0C1A87970500C1309F /* RequestsViewController.swift */; };
		B751BC101A879B4400C1309F /* group-25.png in Resources */ = {isa = PBXBuildFile; fileRef = B751BC0E1A879B4400C1309F /* group-25.png */; };
		B751BC111A879B4400C1309F /* group-32.png in Resources */ = {isa = PBXBuildFile; fileRef = B751BC0F1A879B4400C1309F /* group-32.png */; };
/* End PBXBuildFile section */

/* Begin PBXContainerItemProxy section */
		B751BBCF1A86ACDD00C1309F /* PBXContainerItemProxy */ = {
			isa = PBXContainerItemProxy;
			containerPortal = B751BBAF1A86ACDD00C1309F /* Project object */;
			proxyType = 1;
			remoteGlobalIDString = B751BBB61A86ACDD00C1309F;
			remoteInfo = ceb_tea;
		};
/* End PBXContainerItemProxy section */

/* Begin PBXFileReference section */
		B751BBB71A86ACDD00C1309F /* ceb_tea.app */ = {isa = PBXFileReference; explicitFileType = wrapper.application; includeInIndex = 0; path = ceb_tea.app; sourceTree = BUILT_PRODUCTS_DIR; };
		B751BBBB1A86ACDD00C1309F /* Info.plist */ = {isa = PBXFileReference; lastKnownFileType = text.plist.xml; path = Info.plist; sourceTree = "<group>"; };
		B751BBBC1A86ACDD00C1309F /* AppDelegate.swift */ = {isa = PBXFileReference; lastKnownFileType = sourcecode.swift; path = AppDelegate.swift; sourceTree = "<group>"; };
		B751BBBE1A86ACDD00C1309F /* FirstViewController.swift */ = {isa = PBXFileReference; lastKnownFileType = sourcecode.swift; path = FirstViewController.swift; sourceTree = "<group>"; };
		B751BBC01A86ACDD00C1309F /* SecondViewController.swift */ = {isa = PBXFileReference; lastKnownFileType = sourcecode.swift; path = SecondViewController.swift; sourceTree = "<group>"; };
		B751BBC31A86ACDD00C1309F /* Base */ = {isa = PBXFileReference; lastKnownFileType = file.storyboard; name = Base; path = Base.lproj/Main.storyboard; sourceTree = "<group>"; };
		B751BBC51A86ACDD00C1309F /* Images.xcassets */ = {isa = PBXFileReference; lastKnownFileType = folder.assetcatalog; path = Images.xcassets; sourceTree = "<group>"; };
		B751BBC81A86ACDD00C1309F /* Base */ = {isa = PBXFileReference; lastKnownFileType = file.xib; name = Base; path = Base.lproj/LaunchScreen.xib; sourceTree = "<group>"; };
		B751BBCE1A86ACDD00C1309F /* ceb_teaTests.xctest */ = {isa = PBXFileReference; explicitFileType = wrapper.cfbundle; includeInIndex = 0; path = ceb_teaTests.xctest; sourceTree = BUILT_PRODUCTS_DIR; };
		B751BBD31A86ACDD00C1309F /* Info.plist */ = {isa = PBXFileReference; lastKnownFileType = text.plist.xml; path = Info.plist; sourceTree = "<group>"; };
		B751BBD41A86ACDD00C1309F /* ceb_teaTests.swift */ = {isa = PBXFileReference; lastKnownFileType = sourcecode.swift; path = ceb_teaTests.swift; sourceTree = "<group>"; };
		B751BBDE1A86AE9F00C1309F /* Bolts.framework */ = {isa = PBXFileReference; lastKnownFileType = wrapper.framework; name = Bolts.framework; path = "../../../Downloads/parse-library-1.6.2/Bolts.framework"; sourceTree = "<group>"; };
		B751BBDF1A86AE9F00C1309F /* Parse.framework */ = {isa = PBXFileReference; lastKnownFileType = wrapper.framework; name = Parse.framework; path = "../../../Downloads/parse-library-1.6.2/Parse.framework"; sourceTree = "<group>"; };
		B751BBE01A86AE9F00C1309F /* ParseUI.framework */ = {isa = PBXFileReference; lastKnownFileType = wrapper.framework; name = ParseUI.framework; path = "../../../Downloads/parse-library-1.6.2/ParseUI.framework"; sourceTree = "<group>"; };
		B751BBE41A86AF2400C1309F /* AudioToolbox.framework */ = {isa = PBXFileReference; lastKnownFileType = wrapper.framework; name = AudioToolbox.framework; path = System/Library/Frameworks/AudioToolbox.framework; sourceTree = SDKROOT; };
		B751BBE61A86AF3200C1309F /* CFNetwork.framework */ = {isa = PBXFileReference; lastKnownFileType = wrapper.framework; name = CFNetwork.framework; path = System/Library/Frameworks/CFNetwork.framework; sourceTree = SDKROOT; };
		B751BBE81A86AF3A00C1309F /* CoreGraphics.framework */ = {isa = PBXFileReference; lastKnownFileType = wrapper.framework; name = CoreGraphics.framework; path = System/Library/Frameworks/CoreGraphics.framework; sourceTree = SDKROOT; };
		B751BBEA1A86AF4900C1309F /* CoreLocation.framework */ = {isa = PBXFileReference; lastKnownFileType = wrapper.framework; name = CoreLocation.framework; path = System/Library/Frameworks/CoreLocation.framework; sourceTree = SDKROOT; };
		B751BBEC1A86AF5000C1309F /* MobileCoreServices.framework */ = {isa = PBXFileReference; lastKnownFileType = wrapper.framework; name = MobileCoreServices.framework; path = System/Library/Frameworks/MobileCoreServices.framework; sourceTree = SDKROOT; };
		B751BBEE1A86AF5A00C1309F /* QuartzCore.framework */ = {isa = PBXFileReference; lastKnownFileType = wrapper.framework; name = QuartzCore.framework; path = System/Library/Frameworks/QuartzCore.framework; sourceTree = SDKROOT; };
		B751BBF01A86AF6400C1309F /* Security.framework */ = {isa = PBXFileReference; lastKnownFileType = wrapper.framework; name = Security.framework; path = System/Library/Frameworks/Security.framework; sourceTree = SDKROOT; };
		B751BBF21A86AF7000C1309F /* StoreKit.framework */ = {isa = PBXFileReference; lastKnownFileType = wrapper.framework; name = StoreKit.framework; path = System/Library/Frameworks/StoreKit.framework; sourceTree = SDKROOT; };
		B751BBF41A86AF8200C1309F /* SystemConfiguration.framework */ = {isa = PBXFileReference; lastKnownFileType = wrapper.framework; name = SystemConfiguration.framework; path = System/Library/Frameworks/SystemConfiguration.framework; sourceTree = SDKROOT; };
		B751BBF61A86AF9800C1309F /* libz.dylib */ = {isa = PBXFileReference; lastKnownFileType = "compiled.mach-o.dylib"; name = libz.dylib; path = usr/lib/libz.dylib; sourceTree = SDKROOT; };
		B751BBF81A86AFA600C1309F /* libsqlite3.dylib */ = {isa = PBXFileReference; lastKnownFileType = "compiled.mach-o.dylib"; name = libsqlite3.dylib; path = usr/lib/libsqlite3.dylib; sourceTree = SDKROOT; };
		B751BBFA1A86B03B00C1309F /* ceb_tea-Bridging-Header.h */ = {isa = PBXFileReference; lastKnownFileType = sourcecode.c.h; path = "ceb_tea-Bridging-Header.h"; sourceTree = "<group>"; };
		B751BC081A86CE5900C1309F /* LoginViewController.swift */ = {isa = PBXFileReference; fileEncoding = 4; lastKnownFileType = sourcecode.swift; name = LoginViewController.swift; path = ceb_tea/LoginViewController.swift; sourceTree = "<group>"; };
		B751BC0A1A86E12700C1309F /* WaitingViewController.swift */ = {isa = PBXFileReference; fileEncoding = 4; lastKnownFileType = sourcecode.swift; name = WaitingViewController.swift; path = ceb_tea/WaitingViewController.swift; sourceTree = "<group>"; };
		B751BC0C1A87970500C1309F /* RequestsViewController.swift */ = {isa = PBXFileReference; fileEncoding = 4; lastKnownFileType = sourcecode.swift; name = RequestsViewController.swift; path = ceb_tea/RequestsViewController.swift; sourceTree = "<group>"; };
		B751BC0E1A879B4400C1309F /* group-25.png */ = {isa = PBXFileReference; lastKnownFileType = image.png; path = "group-25.png"; sourceTree = "<group>"; };
		B751BC0F1A879B4400C1309F /* group-32.png */ = {isa = PBXFileReference; lastKnownFileType = image.png; path = "group-32.png"; sourceTree = "<group>"; };
/* End PBXFileReference section */

/* Begin PBXFrameworksBuildPhase section */
		B751BBB41A86ACDD00C1309F /* Frameworks */ = {
			isa = PBXFrameworksBuildPhase;
			buildActionMask = 2147483647;
			files = (
				B751BBF91A86AFA600C1309F /* libsqlite3.dylib in Frameworks */,
				B751BBF71A86AF9800C1309F /* libz.dylib in Frameworks */,
				B751BBF51A86AF8200C1309F /* SystemConfiguration.framework in Frameworks */,
				B751BBF31A86AF7000C1309F /* StoreKit.framework in Frameworks */,
				B751BBF11A86AF6400C1309F /* Security.framework in Frameworks */,
				B751BBEF1A86AF5A00C1309F /* QuartzCore.framework in Frameworks */,
				B751BBED1A86AF5000C1309F /* MobileCoreServices.framework in Frameworks */,
				B751BBEB1A86AF4900C1309F /* CoreLocation.framework in Frameworks */,
				B751BBE91A86AF3A00C1309F /* CoreGraphics.framework in Frameworks */,
				B751BBE71A86AF3200C1309F /* CFNetwork.framework in Frameworks */,
				B751BBE51A86AF2400C1309F /* AudioToolbox.framework in Frameworks */,
				B751BBE31A86AEA000C1309F /* ParseUI.framework in Frameworks */,
				B751BBE21A86AEA000C1309F /* Parse.framework in Frameworks */,
				B751BBE11A86AE9F00C1309F /* Bolts.framework in Frameworks */,
			);
			runOnlyForDeploymentPostprocessing = 0;
		};
		B751BBCB1A86ACDD00C1309F /* Frameworks */ = {
			isa = PBXFrameworksBuildPhase;
			buildActionMask = 2147483647;
			files = (
			);
			runOnlyForDeploymentPostprocessing = 0;
		};
/* End PBXFrameworksBuildPhase section */

/* Begin PBXGroup section */
		B751BBAE1A86ACDD00C1309F = {
			isa = PBXGroup;
			children = (
				B751BC0A1A86E12700C1309F /* WaitingViewController.swift */,
				B751BC0C1A87970500C1309F /* RequestsViewController.swift */,
				B751BC081A86CE5900C1309F /* LoginViewController.swift */,
				B751BBFD1A86B3AD00C1309F /* images */,
				B751BBF81A86AFA600C1309F /* libsqlite3.dylib */,
				B751BBF61A86AF9800C1309F /* libz.dylib */,
				B751BBF41A86AF8200C1309F /* SystemConfiguration.framework */,
				B751BBF21A86AF7000C1309F /* StoreKit.framework */,
				B751BBF01A86AF6400C1309F /* Security.framework */,
				B751BBEE1A86AF5A00C1309F /* QuartzCore.framework */,
				B751BBEC1A86AF5000C1309F /* MobileCoreServices.framework */,
				B751BBEA1A86AF4900C1309F /* CoreLocation.framework */,
				B751BBE81A86AF3A00C1309F /* CoreGraphics.framework */,
				B751BBE61A86AF3200C1309F /* CFNetwork.framework */,
				B751BBE41A86AF2400C1309F /* AudioToolbox.framework */,
				B751BBB91A86ACDD00C1309F /* ceb_tea */,
				B751BBD11A86ACDD00C1309F /* ceb_teaTests */,
				B751BBB81A86ACDD00C1309F /* Products */,
				B751BBFA1A86B03B00C1309F /* ceb_tea-Bridging-Header.h */,
			);
			sourceTree = "<group>";
		};
		B751BBB81A86ACDD00C1309F /* Products */ = {
			isa = PBXGroup;
			children = (
				B751BBB71A86ACDD00C1309F /* ceb_tea.app */,
				B751BBCE1A86ACDD00C1309F /* ceb_teaTests.xctest */,
			);
			name = Products;
			sourceTree = "<group>";
		};
		B751BBB91A86ACDD00C1309F /* ceb_tea */ = {
			isa = PBXGroup;
			children = (
				B751BBDE1A86AE9F00C1309F /* Bolts.framework */,
				B751BBDF1A86AE9F00C1309F /* Parse.framework */,
				B751BBE01A86AE9F00C1309F /* ParseUI.framework */,
				B751BBBC1A86ACDD00C1309F /* AppDelegate.swift */,
				B751BBBE1A86ACDD00C1309F /* FirstViewController.swift */,
				B751BBC01A86ACDD00C1309F /* SecondViewController.swift */,
				B751BBC21A86ACDD00C1309F /* Main.storyboard */,
				B751BBC51A86ACDD00C1309F /* Images.xcassets */,
				B751BBC71A86ACDD00C1309F /* LaunchScreen.xib */,
				B751BBBA1A86ACDD00C1309F /* Supporting Files */,
			);
			path = ceb_tea;
			sourceTree = "<group>";
		};
		B751BBBA1A86ACDD00C1309F /* Supporting Files */ = {
			isa = PBXGroup;
			children = (
				B751BBBB1A86ACDD00C1309F /* Info.plist */,
			);
			name = "Supporting Files";
			sourceTree = "<group>";
		};
		B751BBD11A86ACDD00C1309F /* ceb_teaTests */ = {
			isa = PBXGroup;
			children = (
				B751BBD41A86ACDD00C1309F /* ceb_teaTests.swift */,
				B751BBD21A86ACDD00C1309F /* Supporting Files */,
			);
			path = ceb_teaTests;
			sourceTree = "<group>";
		};
		B751BBD21A86ACDD00C1309F /* Supporting Files */ = {
			isa = PBXGroup;
			children = (
				B751BBD31A86ACDD00C1309F /* Info.plist */,
			);
			name = "Supporting Files";
			sourceTree = "<group>";
		};
		B751BBFD1A86B3AD00C1309F /* images */ = {
			isa = PBXGroup;
			children = (
				B751BC0E1A879B4400C1309F /* group-25.png */,
				B751BC0F1A879B4400C1309F /* group-32.png */,
			);
			path = images;
			sourceTree = "<group>";
		};
/* End PBXGroup section */

/* Begin PBXNativeTarget section */
		B751BBB61A86ACDD00C1309F /* ceb_tea */ = {
			isa = PBXNativeTarget;
			buildConfigurationList = B751BBD81A86ACDD00C1309F /* Build configuration list for PBXNativeTarget "ceb_tea" */;
			buildPhases = (
				B751BBB31A86ACDD00C1309F /* Sources */,
				B751BBB41A86ACDD00C1309F /* Frameworks */,
				B751BBB51A86ACDD00C1309F /* Resources */,
			);
			buildRules = (
			);
			dependencies = (
			);
			name = ceb_tea;
			productName = ceb_tea;
			productReference = B751BBB71A86ACDD00C1309F /* ceb_tea.app */;
			productType = "com.apple.product-type.application";
		};
		B751BBCD1A86ACDD00C1309F /* ceb_teaTests */ = {
			isa = PBXNativeTarget;
			buildConfigurationList = B751BBDB1A86ACDD00C1309F /* Build configuration list for PBXNativeTarget "ceb_teaTests" */;
			buildPhases = (
				B751BBCA1A86ACDD00C1309F /* Sources */,
				B751BBCB1A86ACDD00C1309F /* Frameworks */,
				B751BBCC1A86ACDD00C1309F /* Resources */,
			);
			buildRules = (
			);
			dependencies = (
				B751BBD01A86ACDD00C1309F /* PBXTargetDependency */,
			);
			name = ceb_teaTests;
			productName = ceb_teaTests;
			productReference = B751BBCE1A86ACDD00C1309F /* ceb_teaTests.xctest */;
			productType = "com.apple.product-type.bundle.unit-test";
		};
/* End PBXNativeTarget section */

/* Begin PBXProject section */
		B751BBAF1A86ACDD00C1309F /* Project object */ = {
			isa = PBXProject;
			attributes = {
				LastUpgradeCheck = 0610;
				ORGANIZATIONNAME = "tayfun biyikoglu";
				TargetAttributes = {
					B751BBB61A86ACDD00C1309F = {
						CreatedOnToolsVersion = 6.1.1;
					};
					B751BBCD1A86ACDD00C1309F = {
						CreatedOnToolsVersion = 6.1.1;
						TestTargetID = B751BBB61A86ACDD00C1309F;
					};
				};
			};
			buildConfigurationList = B751BBB21A86ACDD00C1309F /* Build configuration list for PBXProject "ceb_tea" */;
			compatibilityVersion = "Xcode 3.2";
			developmentRegion = English;
			hasScannedForEncodings = 0;
			knownRegions = (
				en,
				Base,
			);
			mainGroup = B751BBAE1A86ACDD00C1309F;
			productRefGroup = B751BBB81A86ACDD00C1309F /* Products */;
			projectDirPath = "";
			projectRoot = "";
			targets = (
				B751BBB61A86ACDD00C1309F /* ceb_tea */,
				B751BBCD1A86ACDD00C1309F /* ceb_teaTests */,
			);
		};
/* End PBXProject section */

/* Begin PBXResourcesBuildPhase section */
		B751BBB51A86ACDD00C1309F /* Resources */ = {
			isa = PBXResourcesBuildPhase;
			buildActionMask = 2147483647;
			files = (
				B751BBC41A86ACDD00C1309F /* Main.storyboard in Resources */,
				B751BBC91A86ACDD00C1309F /* LaunchScreen.xib in Resources */,
				B751BC101A879B4400C1309F /* group-25.png in Resources */,
				B751BBC61A86ACDD00C1309F /* Images.xcassets in Resources */,
				B751BC111A879B4400C1309F /* group-32.png in Resources */,
			);
			runOnlyForDeploymentPostprocessing = 0;
		};
		B751BBCC1A86ACDD00C1309F /* Resources */ = {
			isa = PBXResourcesBuildPhase;
			buildActionMask = 2147483647;
			files = (
			);
			runOnlyForDeploymentPostprocessing = 0;
		};
/* End PBXResourcesBuildPhase section */

/* Begin PBXSourcesBuildPhase section */
		B751BBB31A86ACDD00C1309F /* Sources */ = {
			isa = PBXSourcesBuildPhase;
			buildActionMask = 2147483647;
			files = (
				B751BC0B1A86E12700C1309F /* WaitingViewController.swift in Sources */,
				B751BC091A86CE5900C1309F /* LoginViewController.swift in Sources */,
				B751BBC11A86ACDD00C1309F /* SecondViewController.swift in Sources */,
				B751BBBD1A86ACDD00C1309F /* AppDelegate.swift in Sources */,
				B751BC0D1A87970500C1309F /* RequestsViewController.swift in Sources */,
				B751BBBF1A86ACDD00C1309F /* FirstViewController.swift in Sources */,
			);
			runOnlyForDeploymentPostprocessing = 0;
		};
		B751BBCA1A86ACDD00C1309F /* Sources */ = {
			isa = PBXSourcesBuildPhase;
			buildActionMask = 2147483647;
			files = (
				B751BBD51A86ACDD00C1309F /* ceb_teaTests.swift in Sources */,
			);
			runOnlyForDeploymentPostprocessing = 0;
		};
/* End PBXSourcesBuildPhase section */

/* Begin PBXTargetDependency section */
		B751BBD01A86ACDD00C1309F /* PBXTargetDependency */ = {
			isa = PBXTargetDependency;
			target = B751BBB61A86ACDD00C1309F /* ceb_tea */;
			targetProxy = B751BBCF1A86ACDD00C1309F /* PBXContainerItemProxy */;
		};
/* End PBXTargetDependency section */

/* Begin PBXVariantGroup section */
		B751BBC21A86ACDD00C1309F /* Main.storyboard */ = {
			isa = PBXVariantGroup;
			children = (
				B751BBC31A86ACDD00C1309F /* Base */,
			);
			name = Main.storyboard;
			sourceTree = "<group>";
		};
		B751BBC71A86ACDD00C1309F /* LaunchScreen.xib */ = {
			isa = PBXVariantGroup;
			children = (
				B751BBC81A86ACDD00C1309F /* Base */,
			);
			name = LaunchScreen.xib;
			sourceTree = "<group>";
		};
/* End PBXVariantGroup section */

/* Begin XCBuildConfiguration section */
		B751BBD61A86ACDD00C1309F /* Debug */ = {
			isa = XCBuildConfiguration;
			buildSettings = {
				ALWAYS_SEARCH_USER_PATHS = NO;
				CLANG_CXX_LANGUAGE_STANDARD = "gnu++0x";
				CLANG_CXX_LIBRARY = "libc++";
				CLANG_ENABLE_MODULES = YES;
				CLANG_ENABLE_OBJC_ARC = YES;
				CLANG_WARN_BOOL_CONVERSION = YES;
				CLANG_WARN_CONSTANT_CONVERSION = YES;
				CLANG_WARN_DIRECT_OBJC_ISA_USAGE = YES_ERROR;
				CLANG_WARN_EMPTY_BODY = YES;
				CLANG_WARN_ENUM_CONVERSION = YES;
				CLANG_WARN_INT_CONVERSION = YES;
				CLANG_WARN_OBJC_ROOT_CLASS = YES_ERROR;
				CLANG_WARN_UNREACHABLE_CODE = YES;
				CLANG_WARN__DUPLICATE_METHOD_MATCH = YES;
				"CODE_SIGN_IDENTITY[sdk=iphoneos*]" = "iPhone Developer";
				COPY_PHASE_STRIP = NO;
				ENABLE_STRICT_OBJC_MSGSEND = YES;
				GCC_C_LANGUAGE_STANDARD = gnu99;
				GCC_DYNAMIC_NO_PIC = NO;
				GCC_OPTIMIZATION_LEVEL = 0;
				GCC_PREPROCESSOR_DEFINITIONS = (
					"DEBUG=1",
					"$(inherited)",
				);
				GCC_SYMBOLS_PRIVATE_EXTERN = NO;
				GCC_WARN_64_TO_32_BIT_CONVERSION = YES;
				GCC_WARN_ABOUT_RETURN_TYPE = YES_ERROR;
				GCC_WARN_UNDECLARED_SELECTOR = YES;
				GCC_WARN_UNINITIALIZED_AUTOS = YES_AGGRESSIVE;
				GCC_WARN_UNUSED_FUNCTION = YES;
				GCC_WARN_UNUSED_VARIABLE = YES;
				IPHONEOS_DEPLOYMENT_TARGET = 8.1;
				MTL_ENABLE_DEBUG_INFO = YES;
				ONLY_ACTIVE_ARCH = YES;
				SDKROOT = iphoneos;
				SWIFT_OPTIMIZATION_LEVEL = "-Onone";
			};
			name = Debug;
		};
		B751BBD71A86ACDD00C1309F /* Release */ = {
			isa = XCBuildConfiguration;
			buildSettings = {
				ALWAYS_SEARCH_USER_PATHS = NO;
				CLANG_CXX_LANGUAGE_STANDARD = "gnu++0x";
				CLANG_CXX_LIBRARY = "libc++";
				CLANG_ENABLE_MODULES = YES;
				CLANG_ENABLE_OBJC_ARC = YES;
				CLANG_WARN_BOOL_CONVERSION = YES;
				CLANG_WARN_CONSTANT_CONVERSION = YES;
				CLANG_WARN_DIRECT_OBJC_ISA_USAGE = YES_ERROR;
				CLANG_WARN_EMPTY_BODY = YES;
				CLANG_WARN_ENUM_CONVERSION = YES;
				CLANG_WARN_INT_CONVERSION = YES;
				CLANG_WARN_OBJC_ROOT_CLASS = YES_ERROR;
				CLANG_WARN_UNREACHABLE_CODE = YES;
				CLANG_WARN__DUPLICATE_METHOD_MATCH = YES;
				"CODE_SIGN_IDENTITY[sdk=iphoneos*]" = "iPhone Developer";
				COPY_PHASE_STRIP = YES;
				ENABLE_NS_ASSERTIONS = NO;
				ENABLE_STRICT_OBJC_MSGSEND = YES;
				GCC_C_LANGUAGE_STANDARD = gnu99;
				GCC_WARN_64_TO_32_BIT_CONVERSION = YES;
				GCC_WARN_ABOUT_RETURN_TYPE = YES_ERROR;
				GCC_WARN_UNDECLARED_SELECTOR = YES;
				GCC_WARN_UNINITIALIZED_AUTOS = YES_AGGRESSIVE;
				GCC_WARN_UNUSED_FUNCTION = YES;
				GCC_WARN_UNUSED_VARIABLE = YES;
				IPHONEOS_DEPLOYMENT_TARGET = 8.1;
				MTL_ENABLE_DEBUG_INFO = NO;
				SDKROOT = iphoneos;
				VALIDATE_PRODUCT = YES;
			};
			name = Release;
		};
		B751BBD91A86ACDD00C1309F /* Debug */ = {
			isa = XCBuildConfiguration;
			buildSettings = {
				ASSETCATALOG_COMPILER_APPICON_NAME = AppIcon;
				CLANG_ENABLE_MODULES = YES;
				FRAMEWORK_SEARCH_PATHS = (
					"$(inherited)",
					"/Users/rain/Downloads/parse-library-1.6.2",
				);
				INFOPLIST_FILE = ceb_tea/Info.plist;
				LD_RUNPATH_SEARCH_PATHS = "$(inherited) @executable_path/Frameworks";
				PRODUCT_NAME = "$(TARGET_NAME)";
				SWIFT_OBJC_BRIDGING_HEADER = "ceb_tea-Bridging-Header.h";
				SWIFT_OPTIMIZATION_LEVEL = "-Onone";
			};
			name = Debug;
		};
		B751BBDA1A86ACDD00C1309F /* Release */ = {
			isa = XCBuildConfiguration;
			buildSettings = {
				ASSETCATALOG_COMPILER_APPICON_NAME = AppIcon;
				CLANG_ENABLE_MODULES = YES;
				FRAMEWORK_SEARCH_PATHS = (
					"$(inherited)",
					"/Users/rain/Downloads/parse-library-1.6.2",
				);
				INFOPLIST_FILE = ceb_tea/Info.plist;
				LD_RUNPATH_SEARCH_PATHS = "$(inherited) @executable_path/Frameworks";
				PRODUCT_NAME = "$(TARGET_NAME)";
				SWIFT_OBJC_BRIDGING_HEADER = "ceb_tea-Bridging-Header.h";
			};
			name = Release;
		};
		B751BBDC1A86ACDD00C1309F /* Debug */ = {
			isa = XCBuildConfiguration;
			buildSettings = {
				BUNDLE_LOADER = "$(TEST_HOST)";
				FRAMEWORK_SEARCH_PATHS = (
					"$(SDKROOT)/Developer/Library/Frameworks",
					"$(inherited)",
				);
				GCC_PREPROCESSOR_DEFINITIONS = (
					"DEBUG=1",
					"$(inherited)",
				);
				INFOPLIST_FILE = ceb_teaTests/Info.plist;
				LD_RUNPATH_SEARCH_PATHS = "$(inherited) @executable_path/Frameworks @loader_path/Frameworks";
				PRODUCT_NAME = "$(TARGET_NAME)";
				TEST_HOST = "$(BUILT_PRODUCTS_DIR)/ceb_tea.app/ceb_tea";
			};
			name = Debug;
		};
		B751BBDD1A86ACDD00C1309F /* Release */ = {
			isa = XCBuildConfiguration;
			buildSettings = {
				BUNDLE_LOADER = "$(TEST_HOST)";
				FRAMEWORK_SEARCH_PATHS = (
					"$(SDKROOT)/Developer/Library/Frameworks",
					"$(inherited)",
				);
				INFOPLIST_FILE = ceb_teaTests/Info.plist;
				LD_RUNPATH_SEARCH_PATHS = "$(inherited) @executable_path/Frameworks @loader_path/Frameworks";
				PRODUCT_NAME = "$(TARGET_NAME)";
				TEST_HOST = "$(BUILT_PRODUCTS_DIR)/ceb_tea.app/ceb_tea";
			};
			name = Release;
		};
/* End XCBuildConfiguration section */

/* Begin XCConfigurationList section */
		B751BBB21A86ACDD00C1309F /* Build configuration list for PBXProject "ceb_tea" */ = {
			isa = XCConfigurationList;
			buildConfigurations = (
				B751BBD61A86ACDD00C1309F /* Debug */,
				B751BBD71A86ACDD00C1309F /* Release */,
			);
			defaultConfigurationIsVisible = 0;
			defaultConfigurationName = Release;
		};
		B751BBD81A86ACDD00C1309F /* Build configuration list for PBXNativeTarget "ceb_tea" */ = {
			isa = XCConfigurationList;
			buildConfigurations = (
				B751BBD91A86ACDD00C1309F /* Debug */,
				B751BBDA1A86ACDD00C1309F /* Release */,
			);
			defaultConfigurationIsVisible = 0;
			defaultConfigurationName = Release;
		};
		B751BBDB1A86ACDD00C1309F /* Build configuration list for PBXNativeTarget "ceb_teaTests" */ = {
			isa = XCConfigurationList;
			buildConfigurations = (
				B751BBDC1A86ACDD00C1309F /* Debug */,
				B751BBDD1A86ACDD00C1309F /* Release */,
			);
			defaultConfigurationIsVisible = 0;
			defaultConfigurationName = Release;
		};
/* End XCConfigurationList section */
	};
	rootObject = B751BBAF1A86ACDD00C1309F /* Project object */;
}
